// !$*UTF8*$!
{
	archiveVersion = 1;
	classes = {
	};
	objectVersion = 46;
	objects = {

/* Begin PBXBuildFile section */
		6A77A67D200570A400C1838A /* Extensions.swift in Sources */ = {isa = PBXBuildFile; fileRef = 6A77A67C200570A400C1838A /* Extensions.swift */; };
		6A77A67F2005712500C1838A /* LocationManager.swift in Sources */ = {isa = PBXBuildFile; fileRef = 6A77A67E2005712500C1838A /* LocationManager.swift */; };
		6A77A681200571A900C1838A /* Coordinate.swift in Sources */ = {isa = PBXBuildFile; fileRef = 6A77A680200571A900C1838A /* Coordinate.swift */; };
		6A77A6832005822C00C1838A /* DirectionService.swift in Sources */ = {isa = PBXBuildFile; fileRef = 6A77A6822005822C00C1838A /* DirectionService.swift */; };
		6A77A68620067A9C00C1838A /* RecommendedPlacesVC.swift in Sources */ = {isa = PBXBuildFile; fileRef = 6A77A68520067A9C00C1838A /* RecommendedPlacesVC.swift */; };
		6A77A68A2006C40A00C1838A /* SearchVC.swift in Sources */ = {isa = PBXBuildFile; fileRef = 6A77A6892006C40A00C1838A /* SearchVC.swift */; };
		6A77A68C2007146900C1838A /* CardsContentVC.swift in Sources */ = {isa = PBXBuildFile; fileRef = 6A77A68B2007146900C1838A /* CardsContentVC.swift */; };
		6A77A68E2007171200C1838A /* PlacesPhotoCell.swift in Sources */ = {isa = PBXBuildFile; fileRef = 6A77A68D2007171200C1838A /* PlacesPhotoCell.swift */; };
		6A77A6902007C17700C1838A /* PlaceDirection.swift in Sources */ = {isa = PBXBuildFile; fileRef = 6A77A68F2007C17700C1838A /* PlaceDirection.swift */; };
		6A77A6922007C1A800C1838A /* GeocodedWaypoint.swift in Sources */ = {isa = PBXBuildFile; fileRef = 6A77A6912007C1A800C1838A /* GeocodedWaypoint.swift */; };
		6A77A6942007C1D200C1838A /* Bounds.swift in Sources */ = {isa = PBXBuildFile; fileRef = 6A77A6932007C1D200C1838A /* Bounds.swift */; };
		6A77A6962007C1FC00C1838A /* Route.swift in Sources */ = {isa = PBXBuildFile; fileRef = 6A77A6952007C1FC00C1838A /* Route.swift */; };
		6A77A6982007C22400C1838A /* Leg.swift in Sources */ = {isa = PBXBuildFile; fileRef = 6A77A6972007C22400C1838A /* Leg.swift */; };
		6A77A69A2007C24D00C1838A /* Step.swift in Sources */ = {isa = PBXBuildFile; fileRef = 6A77A6992007C24D00C1838A /* Step.swift */; };
		6A77A69C2007C27A00C1838A /* Location.swift in Sources */ = {isa = PBXBuildFile; fileRef = 6A77A69B2007C27A00C1838A /* Location.swift */; };
		6A77A69F2007C3A900C1838A /* GoogleMapValue.swift in Sources */ = {isa = PBXBuildFile; fileRef = 6A77A69E2007C3A900C1838A /* GoogleMapValue.swift */; };
		6A77A6A12007C3DF00C1838A /* Polyline.swift in Sources */ = {isa = PBXBuildFile; fileRef = 6A77A6A02007C3DF00C1838A /* Polyline.swift */; };
		6A8A76A81FC14AFB00D580D7 /* AppDelegate.swift in Sources */ = {isa = PBXBuildFile; fileRef = 6A8A76A71FC14AFB00D580D7 /* AppDelegate.swift */; };
		6A8A76AA1FC14AFB00D580D7 /* MapVC.swift in Sources */ = {isa = PBXBuildFile; fileRef = 6A8A76A91FC14AFB00D580D7 /* MapVC.swift */; };
		6A8A76AD1FC14AFC00D580D7 /* Main.storyboard in Resources */ = {isa = PBXBuildFile; fileRef = 6A8A76AB1FC14AFC00D580D7 /* Main.storyboard */; };
		6A8A76AF1FC14AFC00D580D7 /* Assets.xcassets in Resources */ = {isa = PBXBuildFile; fileRef = 6A8A76AE1FC14AFC00D580D7 /* Assets.xcassets */; };
		6A8A76B21FC14AFC00D580D7 /* LaunchScreen.storyboard in Resources */ = {isa = PBXBuildFile; fileRef = 6A8A76B01FC14AFC00D580D7 /* LaunchScreen.storyboard */; };
		6A8A76BD1FC14F1600D580D7 /* RecommendedPlaces.swift in Sources */ = {isa = PBXBuildFile; fileRef = 6A8A76BC1FC14F1600D580D7 /* RecommendedPlaces.swift */; };
		6A8A76BF1FC1508400D580D7 /* Constants.swift in Sources */ = {isa = PBXBuildFile; fileRef = 6A8A76BE1FC1508400D580D7 /* Constants.swift */; };
		7B5B620ACF5728836AD7141A /* Pods_Tourist.framework in Frameworks */ = {isa = PBXBuildFile; fileRef = 6044F44E1A5E07229CBF9F43 /* Pods_Tourist.framework */; };
/* End PBXBuildFile section */

/* Begin PBXFileReference section */
		6044F44E1A5E07229CBF9F43 /* Pods_Tourist.framework */ = {isa = PBXFileReference; explicitFileType = wrapper.framework; includeInIndex = 0; path = Pods_Tourist.framework; sourceTree = BUILT_PRODUCTS_DIR; };
		6A77A67C200570A400C1838A /* Extensions.swift */ = {isa = PBXFileReference; lastKnownFileType = sourcecode.swift; path = Extensions.swift; sourceTree = "<group>"; };
		6A77A67E2005712500C1838A /* LocationManager.swift */ = {isa = PBXFileReference; lastKnownFileType = sourcecode.swift; path = LocationManager.swift; sourceTree = "<group>"; };
		6A77A680200571A900C1838A /* Coordinate.swift */ = {isa = PBXFileReference; lastKnownFileType = sourcecode.swift; path = Coordinate.swift; sourceTree = "<group>"; };
		6A77A6822005822C00C1838A /* DirectionService.swift */ = {isa = PBXFileReference; lastKnownFileType = sourcecode.swift; path = DirectionService.swift; sourceTree = "<group>"; };
		6A77A68520067A9C00C1838A /* RecommendedPlacesVC.swift */ = {isa = PBXFileReference; lastKnownFileType = sourcecode.swift; path = RecommendedPlacesVC.swift; sourceTree = "<group>"; };
		6A77A6892006C40A00C1838A /* SearchVC.swift */ = {isa = PBXFileReference; lastKnownFileType = sourcecode.swift; path = SearchVC.swift; sourceTree = "<group>"; };
		6A77A68B2007146900C1838A /* CardsContentVC.swift */ = {isa = PBXFileReference; lastKnownFileType = sourcecode.swift; path = CardsContentVC.swift; sourceTree = "<group>"; };
		6A77A68D2007171200C1838A /* PlacesPhotoCell.swift */ = {isa = PBXFileReference; lastKnownFileType = sourcecode.swift; path = PlacesPhotoCell.swift; sourceTree = "<group>"; };
		6A77A68F2007C17700C1838A /* PlaceDirection.swift */ = {isa = PBXFileReference; lastKnownFileType = sourcecode.swift; path = PlaceDirection.swift; sourceTree = "<group>"; };
		6A77A6912007C1A800C1838A /* GeocodedWaypoint.swift */ = {isa = PBXFileReference; lastKnownFileType = sourcecode.swift; path = GeocodedWaypoint.swift; sourceTree = "<group>"; };
		6A77A6932007C1D200C1838A /* Bounds.swift */ = {isa = PBXFileReference; lastKnownFileType = sourcecode.swift; path = Bounds.swift; sourceTree = "<group>"; };
		6A77A6952007C1FC00C1838A /* Route.swift */ = {isa = PBXFileReference; lastKnownFileType = sourcecode.swift; path = Route.swift; sourceTree = "<group>"; };
		6A77A6972007C22400C1838A /* Leg.swift */ = {isa = PBXFileReference; lastKnownFileType = sourcecode.swift; path = Leg.swift; sourceTree = "<group>"; };
		6A77A6992007C24D00C1838A /* Step.swift */ = {isa = PBXFileReference; lastKnownFileType = sourcecode.swift; path = Step.swift; sourceTree = "<group>"; };
		6A77A69B2007C27A00C1838A /* Location.swift */ = {isa = PBXFileReference; lastKnownFileType = sourcecode.swift; path = Location.swift; sourceTree = "<group>"; };
		6A77A69E2007C3A900C1838A /* GoogleMapValue.swift */ = {isa = PBXFileReference; lastKnownFileType = sourcecode.swift; path = GoogleMapValue.swift; sourceTree = "<group>"; };
		6A77A6A02007C3DF00C1838A /* Polyline.swift */ = {isa = PBXFileReference; lastKnownFileType = sourcecode.swift; path = Polyline.swift; sourceTree = "<group>"; };
		6A8A76A41FC14AFB00D580D7 /* Tourist.app */ = {isa = PBXFileReference; explicitFileType = wrapper.application; includeInIndex = 0; path = Tourist.app; sourceTree = BUILT_PRODUCTS_DIR; };
		6A8A76A71FC14AFB00D580D7 /* AppDelegate.swift */ = {isa = PBXFileReference; lastKnownFileType = sourcecode.swift; path = AppDelegate.swift; sourceTree = "<group>"; };
		6A8A76A91FC14AFB00D580D7 /* MapVC.swift */ = {isa = PBXFileReference; lastKnownFileType = sourcecode.swift; path = MapVC.swift; sourceTree = "<group>"; };
		6A8A76AC1FC14AFC00D580D7 /* Base */ = {isa = PBXFileReference; lastKnownFileType = file.storyboard; name = Base; path = Base.lproj/Main.storyboard; sourceTree = "<group>"; };
		6A8A76AE1FC14AFC00D580D7 /* Assets.xcassets */ = {isa = PBXFileReference; lastKnownFileType = folder.assetcatalog; path = Assets.xcassets; sourceTree = "<group>"; };
		6A8A76B11FC14AFC00D580D7 /* Base */ = {isa = PBXFileReference; lastKnownFileType = file.storyboard; name = Base; path = Base.lproj/LaunchScreen.storyboard; sourceTree = "<group>"; };
		6A8A76B31FC14AFC00D580D7 /* Info.plist */ = {isa = PBXFileReference; lastKnownFileType = text.plist.xml; path = Info.plist; sourceTree = "<group>"; };
		6A8A76BC1FC14F1600D580D7 /* RecommendedPlaces.swift */ = {isa = PBXFileReference; fileEncoding = 4; lastKnownFileType = sourcecode.swift; path = RecommendedPlaces.swift; sourceTree = "<group>"; };
		6A8A76BE1FC1508400D580D7 /* Constants.swift */ = {isa = PBXFileReference; fileEncoding = 4; lastKnownFileType = sourcecode.swift; path = Constants.swift; sourceTree = "<group>"; };
		C6C0B9D9FCD9DF511383F102 /* Pods-Tourist.debug.xcconfig */ = {isa = PBXFileReference; includeInIndex = 1; lastKnownFileType = text.xcconfig; name = "Pods-Tourist.debug.xcconfig"; path = "Pods/Target Support Files/Pods-Tourist/Pods-Tourist.debug.xcconfig"; sourceTree = "<group>"; };
		E9815A4547B22B376AB9804C /* Pods-Tourist.release.xcconfig */ = {isa = PBXFileReference; includeInIndex = 1; lastKnownFileType = text.xcconfig; name = "Pods-Tourist.release.xcconfig"; path = "Pods/Target Support Files/Pods-Tourist/Pods-Tourist.release.xcconfig"; sourceTree = "<group>"; };
		F11C317B4F96CC728CFF511B /* Pods_Favorite_Places.framework */ = {isa = PBXFileReference; explicitFileType = wrapper.framework; includeInIndex = 0; path = Pods_Favorite_Places.framework; sourceTree = BUILT_PRODUCTS_DIR; };
/* End PBXFileReference section */

/* Begin PBXFrameworksBuildPhase section */
		6A8A76A11FC14AFB00D580D7 /* Frameworks */ = {
			isa = PBXFrameworksBuildPhase;
			buildActionMask = 2147483647;
			files = (
				7B5B620ACF5728836AD7141A /* Pods_Tourist.framework in Frameworks */,
			);
			runOnlyForDeploymentPostprocessing = 0;
		};
/* End PBXFrameworksBuildPhase section */

/* Begin PBXGroup section */
		4791912C39369DDFECDCB3E6 /* Frameworks */ = {
			isa = PBXGroup;
			children = (
				F11C317B4F96CC728CFF511B /* Pods_Favorite_Places.framework */,
				6044F44E1A5E07229CBF9F43 /* Pods_Tourist.framework */,
			);
			name = Frameworks;
			sourceTree = "<group>";
		};
		5746E820D2694947BD3193D7 /* Pods */ = {
			isa = PBXGroup;
			children = (
				C6C0B9D9FCD9DF511383F102 /* Pods-Tourist.debug.xcconfig */,
				E9815A4547B22B376AB9804C /* Pods-Tourist.release.xcconfig */,
			);
			name = Pods;
			sourceTree = "<group>";
		};
		6A77A6842005823200C1838A /* Services */ = {
			isa = PBXGroup;
			children = (
				6A77A6822005822C00C1838A /* DirectionService.swift */,
			);
			name = Services;
			sourceTree = "<group>";
		};
		6A77A69D2007C38100C1838A /* Map */ = {
			isa = PBXGroup;
			children = (
				6A77A69B2007C27A00C1838A /* Location.swift */,
				6A77A6952007C1FC00C1838A /* Route.swift */,
				6A77A6932007C1D200C1838A /* Bounds.swift */,
				6A77A6912007C1A800C1838A /* GeocodedWaypoint.swift */,
				6A77A68F2007C17700C1838A /* PlaceDirection.swift */,
				6A77A6992007C24D00C1838A /* Step.swift */,
				6A77A680200571A900C1838A /* Coordinate.swift */,
				6A77A6972007C22400C1838A /* Leg.swift */,
				6A77A69E2007C3A900C1838A /* GoogleMapValue.swift */,
				6A77A6A02007C3DF00C1838A /* Polyline.swift */,
			);
			name = Map;
			sourceTree = "<group>";
		};
		6A8A769B1FC14AFB00D580D7 = {
			isa = PBXGroup;
			children = (
				6A8A76A61FC14AFB00D580D7 /* Tourist */,
				6A8A76A51FC14AFB00D580D7 /* Products */,
				5746E820D2694947BD3193D7 /* Pods */,
				4791912C39369DDFECDCB3E6 /* Frameworks */,
			);
			sourceTree = "<group>";
		};
		6A8A76A51FC14AFB00D580D7 /* Products */ = {
			isa = PBXGroup;
			children = (
				6A8A76A41FC14AFB00D580D7 /* Tourist.app */,
			);
			name = Products;
			sourceTree = "<group>";
		};
		6A8A76A61FC14AFB00D580D7 /* Tourist */ = {
			isa = PBXGroup;
			children = (
				6A8A76BB1FC14C5D00D580D7 /* Model */,
				6A8A76BA1FC14C5300D580D7 /* View */,
				6A8A76B91FC14C3B00D580D7 /* Controller */,
				6A77A6842005823200C1838A /* Services */,
				6A8A76A71FC14AFB00D580D7 /* AppDelegate.swift */,
				6A8A76AB1FC14AFC00D580D7 /* Main.storyboard */,
				6A8A76AE1FC14AFC00D580D7 /* Assets.xcassets */,
				6A8A76B01FC14AFC00D580D7 /* LaunchScreen.storyboard */,
				6A8A76B31FC14AFC00D580D7 /* Info.plist */,
			);
			path = Tourist;
			sourceTree = "<group>";
		};
		6A8A76B91FC14C3B00D580D7 /* Controller */ = {
			isa = PBXGroup;
			children = (
				6A8A76A91FC14AFB00D580D7 /* MapVC.swift */,
				6A77A68520067A9C00C1838A /* RecommendedPlacesVC.swift */,
				6A77A6892006C40A00C1838A /* SearchVC.swift */,
				6A77A68B2007146900C1838A /* CardsContentVC.swift */,
			);
			name = Controller;
			sourceTree = "<group>";
		};
		6A8A76BA1FC14C5300D580D7 /* View */ = {
			isa = PBXGroup;
			children = (
				6A77A68D2007171200C1838A /* PlacesPhotoCell.swift */,
			);
			name = View;
			sourceTree = "<group>";
		};
		6A8A76BB1FC14C5D00D580D7 /* Model */ = {
			isa = PBXGroup;
			children = (
				6A8A76BC1FC14F1600D580D7 /* RecommendedPlaces.swift */,
				6A8A76BE1FC1508400D580D7 /* Constants.swift */,
				6A77A67C200570A400C1838A /* Extensions.swift */,
				6A77A67E2005712500C1838A /* LocationManager.swift */,
				6A77A69D2007C38100C1838A /* Map */,
			);
			name = Model;
			sourceTree = "<group>";
		};
/* End PBXGroup section */

/* Begin PBXNativeTarget section */
		6A8A76A31FC14AFB00D580D7 /* Tourist */ = {
			isa = PBXNativeTarget;
			buildConfigurationList = 6A8A76B61FC14AFC00D580D7 /* Build configuration list for PBXNativeTarget "Tourist" */;
			buildPhases = (
				F1C9D49F3FFE59E44455D5D9 /* [CP] Check Pods Manifest.lock */,
				6A8A76A01FC14AFB00D580D7 /* Sources */,
				6A8A76A11FC14AFB00D580D7 /* Frameworks */,
				6A8A76A21FC14AFB00D580D7 /* Resources */,
				2FD67D5F2861F4CA30488CDB /* [CP] Embed Pods Frameworks */,
				4F3CA4F7BC2A36526EAEB160 /* [CP] Copy Pods Resources */,
			);
			buildRules = (
			);
			dependencies = (
			);
			name = Tourist;
			productName = "Favorite-Places";
			productReference = 6A8A76A41FC14AFB00D580D7 /* Tourist.app */;
			productType = "com.apple.product-type.application";
		};
/* End PBXNativeTarget section */

/* Begin PBXProject section */
		6A8A769C1FC14AFB00D580D7 /* Project object */ = {
			isa = PBXProject;
			attributes = {
				LastSwiftUpdateCheck = 0830;
				LastUpgradeCheck = 0900;
				ORGANIZATIONNAME = "C McGhee";
				TargetAttributes = {
					6A8A76A31FC14AFB00D580D7 = {
						CreatedOnToolsVersion = 8.3.3;
						DevelopmentTeam = 48HD6AZC2E;
						LastSwiftMigration = 0900;
						ProvisioningStyle = Automatic;
					};
				};
			};
			buildConfigurationList = 6A8A769F1FC14AFB00D580D7 /* Build configuration list for PBXProject "Tourist" */;
			compatibilityVersion = "Xcode 3.2";
			developmentRegion = English;
			hasScannedForEncodings = 0;
			knownRegions = (
				en,
				Base,
			);
			mainGroup = 6A8A769B1FC14AFB00D580D7;
			productRefGroup = 6A8A76A51FC14AFB00D580D7 /* Products */;
			projectDirPath = "";
			projectRoot = "";
			targets = (
				6A8A76A31FC14AFB00D580D7 /* Tourist */,
			);
		};
/* End PBXProject section */

/* Begin PBXResourcesBuildPhase section */
		6A8A76A21FC14AFB00D580D7 /* Resources */ = {
			isa = PBXResourcesBuildPhase;
			buildActionMask = 2147483647;
			files = (
				6A8A76B21FC14AFC00D580D7 /* LaunchScreen.storyboard in Resources */,
				6A8A76AF1FC14AFC00D580D7 /* Assets.xcassets in Resources */,
				6A8A76AD1FC14AFC00D580D7 /* Main.storyboard in Resources */,
			);
			runOnlyForDeploymentPostprocessing = 0;
		};
/* End PBXResourcesBuildPhase section */

/* Begin PBXShellScriptBuildPhase section */
		2FD67D5F2861F4CA30488CDB /* [CP] Embed Pods Frameworks */ = {
			isa = PBXShellScriptBuildPhase;
			buildActionMask = 2147483647;
			files = (
			);
			inputPaths = (
				"${SRCROOT}/Pods/Target Support Files/Pods-Tourist/Pods-Tourist-frameworks.sh",
				"${BUILT_PRODUCTS_DIR}/Alamofire/Alamofire.framework",
				"${BUILT_PRODUCTS_DIR}/Cards/Cards.framework",
				"${BUILT_PRODUCTS_DIR}/Font-Awesome-Swift/Font_Awesome_Swift.framework",
				"${BUILT_PRODUCTS_DIR}/GooglePlacesAPI/GooglePlacesAPI.framework",
				"${BUILT_PRODUCTS_DIR}/ObjectMapper/ObjectMapper.framework",
				"${BUILT_PRODUCTS_DIR}/Player/Player.framework",
				"${BUILT_PRODUCTS_DIR}/STLocationRequest/STLocationRequest.framework",
				"${BUILT_PRODUCTS_DIR}/SwiftyJSON/SwiftyJSON.framework",
			);
			name = "[CP] Embed Pods Frameworks";
			outputPaths = (
				"${TARGET_BUILD_DIR}/${FRAMEWORKS_FOLDER_PATH}/Alamofire.framework",
				"${TARGET_BUILD_DIR}/${FRAMEWORKS_FOLDER_PATH}/Cards.framework",
				"${TARGET_BUILD_DIR}/${FRAMEWORKS_FOLDER_PATH}/Font_Awesome_Swift.framework",
				"${TARGET_BUILD_DIR}/${FRAMEWORKS_FOLDER_PATH}/GooglePlacesAPI.framework",
				"${TARGET_BUILD_DIR}/${FRAMEWORKS_FOLDER_PATH}/ObjectMapper.framework",
				"${TARGET_BUILD_DIR}/${FRAMEWORKS_FOLDER_PATH}/Player.framework",
				"${TARGET_BUILD_DIR}/${FRAMEWORKS_FOLDER_PATH}/STLocationRequest.framework",
				"${TARGET_BUILD_DIR}/${FRAMEWORKS_FOLDER_PATH}/SwiftyJSON.framework",
			);
			runOnlyForDeploymentPostprocessing = 0;
			shellPath = /bin/sh;
			shellScript = "\"${SRCROOT}/Pods/Target Support Files/Pods-Tourist/Pods-Tourist-frameworks.sh\"\n";
			showEnvVarsInLog = 0;
		};
		4F3CA4F7BC2A36526EAEB160 /* [CP] Copy Pods Resources */ = {
			isa = PBXShellScriptBuildPhase;
			buildActionMask = 2147483647;
			files = (
			);
			inputPaths = (
				"${SRCROOT}/Pods/Target Support Files/Pods-Tourist/Pods-Tourist-resources.sh",
				"${PODS_ROOT}/GoogleMaps/Maps/Frameworks/GoogleMaps.framework/Resources/GoogleMaps.bundle",
				"${PODS_ROOT}/GooglePlaces/Frameworks/GooglePlaces.framework/Resources/GooglePlaces.bundle",
			);
			name = "[CP] Copy Pods Resources";
			outputPaths = (
				"${TARGET_BUILD_DIR}/${UNLOCALIZED_RESOURCES_FOLDER_PATH}",
			);
			runOnlyForDeploymentPostprocessing = 0;
			shellPath = /bin/sh;
			shellScript = "\"${SRCROOT}/Pods/Target Support Files/Pods-Tourist/Pods-Tourist-resources.sh\"\n";
			showEnvVarsInLog = 0;
		};
		F1C9D49F3FFE59E44455D5D9 /* [CP] Check Pods Manifest.lock */ = {
			isa = PBXShellScriptBuildPhase;
			buildActionMask = 2147483647;
			files = (
			);
			inputPaths = (
				"${PODS_PODFILE_DIR_PATH}/Podfile.lock",
				"${PODS_ROOT}/Manifest.lock",
			);
			name = "[CP] Check Pods Manifest.lock";
			outputPaths = (
				"$(DERIVED_FILE_DIR)/Pods-Tourist-checkManifestLockResult.txt",
			);
			runOnlyForDeploymentPostprocessing = 0;
			shellPath = /bin/sh;
			shellScript = "diff \"${PODS_PODFILE_DIR_PATH}/Podfile.lock\" \"${PODS_ROOT}/Manifest.lock\" > /dev/null\nif [ $? != 0 ] ; then\n    # print error to STDERR\n    echo \"error: The sandbox is not in sync with the Podfile.lock. Run 'pod install' or update your CocoaPods installation.\" >&2\n    exit 1\nfi\n# This output is used by Xcode 'outputs' to avoid re-running this script phase.\necho \"SUCCESS\" > \"${SCRIPT_OUTPUT_FILE_0}\"\n";
			showEnvVarsInLog = 0;
		};
/* End PBXShellScriptBuildPhase section */

/* Begin PBXSourcesBuildPhase section */
		6A8A76A01FC14AFB00D580D7 /* Sources */ = {
			isa = PBXSourcesBuildPhase;
			buildActionMask = 2147483647;
			files = (
				6A77A6982007C22400C1838A /* Leg.swift in Sources */,
				6A77A69C2007C27A00C1838A /* Location.swift in Sources */,
				6A77A6902007C17700C1838A /* PlaceDirection.swift in Sources */,
				6A77A6942007C1D200C1838A /* Bounds.swift in Sources */,
				6A77A68A2006C40A00C1838A /* SearchVC.swift in Sources */,
				6A77A69F2007C3A900C1838A /* GoogleMapValue.swift in Sources */,
				6A77A681200571A900C1838A /* Coordinate.swift in Sources */,
				6A77A68E2007171200C1838A /* PlacesPhotoCell.swift in Sources */,
				6A77A69A2007C24D00C1838A /* Step.swift in Sources */,
				6A77A67D200570A400C1838A /* Extensions.swift in Sources */,
				6A8A76BD1FC14F1600D580D7 /* RecommendedPlaces.swift in Sources */,
				6A77A6832005822C00C1838A /* DirectionService.swift in Sources */,
				6A77A6A12007C3DF00C1838A /* Polyline.swift in Sources */,
				6A77A6962007C1FC00C1838A /* Route.swift in Sources */,
				6A77A68620067A9C00C1838A /* RecommendedPlacesVC.swift in Sources */,
				6A77A67F2005712500C1838A /* LocationManager.swift in Sources */,
				6A77A6922007C1A800C1838A /* GeocodedWaypoint.swift in Sources */,
				6A77A68C2007146900C1838A /* CardsContentVC.swift in Sources */,
				6A8A76AA1FC14AFB00D580D7 /* MapVC.swift in Sources */,
				6A8A76A81FC14AFB00D580D7 /* AppDelegate.swift in Sources */,
				6A8A76BF1FC1508400D580D7 /* Constants.swift in Sources */,
			);
			runOnlyForDeploymentPostprocessing = 0;
		};
/* End PBXSourcesBuildPhase section */

/* Begin PBXVariantGroup section */
		6A8A76AB1FC14AFC00D580D7 /* Main.storyboard */ = {
			isa = PBXVariantGroup;
			children = (
				6A8A76AC1FC14AFC00D580D7 /* Base */,
			);
			name = Main.storyboard;
			sourceTree = "<group>";
		};
		6A8A76B01FC14AFC00D580D7 /* LaunchScreen.storyboard */ = {
			isa = PBXVariantGroup;
			children = (
				6A8A76B11FC14AFC00D580D7 /* Base */,
			);
			name = LaunchScreen.storyboard;
			sourceTree = "<group>";
		};
/* End PBXVariantGroup section */

/* Begin XCBuildConfiguration section */
		6A8A76B41FC14AFC00D580D7 /* Debug */ = {
			isa = XCBuildConfiguration;
			buildSettings = {
				ALWAYS_SEARCH_USER_PATHS = NO;
				CLANG_ANALYZER_NONNULL = YES;
				CLANG_ANALYZER_NUMBER_OBJECT_CONVERSION = YES_AGGRESSIVE;
				CLANG_CXX_LANGUAGE_STANDARD = "gnu++0x";
				CLANG_CXX_LIBRARY = "libc++";
				CLANG_ENABLE_MODULES = YES;
				CLANG_ENABLE_OBJC_ARC = YES;
				CLANG_WARN_BLOCK_CAPTURE_AUTORELEASING = YES;
				CLANG_WARN_BOOL_CONVERSION = YES;
				CLANG_WARN_COMMA = YES;
				CLANG_WARN_CONSTANT_CONVERSION = YES;
				CLANG_WARN_DIRECT_OBJC_ISA_USAGE = YES_ERROR;
				CLANG_WARN_DOCUMENTATION_COMMENTS = YES;
				CLANG_WARN_EMPTY_BODY = YES;
				CLANG_WARN_ENUM_CONVERSION = YES;
				CLANG_WARN_INFINITE_RECURSION = YES;
				CLANG_WARN_INT_CONVERSION = YES;
				CLANG_WARN_NON_LITERAL_NULL_CONVERSION = YES;
				CLANG_WARN_OBJC_LITERAL_CONVERSION = YES;
				CLANG_WARN_OBJC_ROOT_CLASS = YES_ERROR;
				CLANG_WARN_RANGE_LOOP_ANALYSIS = YES;
				CLANG_WARN_STRICT_PROTOTYPES = YES;
				CLANG_WARN_SUSPICIOUS_MOVE = YES;
				CLANG_WARN_UNREACHABLE_CODE = YES;
				CLANG_WARN__DUPLICATE_METHOD_MATCH = YES;
				"CODE_SIGN_IDENTITY[sdk=iphoneos*]" = "iPhone Developer";
				COPY_PHASE_STRIP = NO;
				DEBUG_INFORMATION_FORMAT = dwarf;
				ENABLE_STRICT_OBJC_MSGSEND = YES;
				ENABLE_TESTABILITY = YES;
				GCC_C_LANGUAGE_STANDARD = gnu99;
				GCC_DYNAMIC_NO_PIC = NO;
				GCC_NO_COMMON_BLOCKS = YES;
				GCC_OPTIMIZATION_LEVEL = 0;
				GCC_PREPROCESSOR_DEFINITIONS = (
					"DEBUG=1",
					"$(inherited)",
				);
				GCC_WARN_64_TO_32_BIT_CONVERSION = YES;
				GCC_WARN_ABOUT_RETURN_TYPE = YES_ERROR;
				GCC_WARN_UNDECLARED_SELECTOR = YES;
				GCC_WARN_UNINITIALIZED_AUTOS = YES_AGGRESSIVE;
				GCC_WARN_UNUSED_FUNCTION = YES;
				GCC_WARN_UNUSED_VARIABLE = YES;
				IPHONEOS_DEPLOYMENT_TARGET = 10.3;
				MTL_ENABLE_DEBUG_INFO = YES;
				ONLY_ACTIVE_ARCH = YES;
				SDKROOT = iphoneos;
				SWIFT_ACTIVE_COMPILATION_CONDITIONS = DEBUG;
				SWIFT_OPTIMIZATION_LEVEL = "-Onone";
				TARGETED_DEVICE_FAMILY = "1,2";
			};
			name = Debug;
		};
		6A8A76B51FC14AFC00D580D7 /* Release */ = {
			isa = XCBuildConfiguration;
			buildSettings = {
				ALWAYS_SEARCH_USER_PATHS = NO;
				CLANG_ANALYZER_NONNULL = YES;
				CLANG_ANALYZER_NUMBER_OBJECT_CONVERSION = YES_AGGRESSIVE;
				CLANG_CXX_LANGUAGE_STANDARD = "gnu++0x";
				CLANG_CXX_LIBRARY = "libc++";
				CLANG_ENABLE_MODULES = YES;
				CLANG_ENABLE_OBJC_ARC = YES;
				CLANG_WARN_BLOCK_CAPTURE_AUTORELEASING = YES;
				CLANG_WARN_BOOL_CONVERSION = YES;
				CLANG_WARN_COMMA = YES;
				CLANG_WARN_CONSTANT_CONVERSION = YES;
				CLANG_WARN_DIRECT_OBJC_ISA_USAGE = YES_ERROR;
				CLANG_WARN_DOCUMENTATION_COMMENTS = YES;
				CLANG_WARN_EMPTY_BODY = YES;
				CLANG_WARN_ENUM_CONVERSION = YES;
				CLANG_WARN_INFINITE_RECURSION = YES;
				CLANG_WARN_INT_CONVERSION = YES;
				CLANG_WARN_NON_LITERAL_NULL_CONVERSION = YES;
				CLANG_WARN_OBJC_LITERAL_CONVERSION = YES;
				CLANG_WARN_OBJC_ROOT_CLASS = YES_ERROR;
				CLANG_WARN_RANGE_LOOP_ANALYSIS = YES;
				CLANG_WARN_STRICT_PROTOTYPES = YES;
				CLANG_WARN_SUSPICIOUS_MOVE = YES;
				CLANG_WARN_UNREACHABLE_CODE = YES;
				CLANG_WARN__DUPLICATE_METHOD_MATCH = YES;
				"CODE_SIGN_IDENTITY[sdk=iphoneos*]" = "iPhone Developer";
				COPY_PHASE_STRIP = NO;
				DEBUG_INFORMATION_FORMAT = "dwarf-with-dsym";
				ENABLE_NS_ASSERTIONS = NO;
				ENABLE_STRICT_OBJC_MSGSEND = YES;
				GCC_C_LANGUAGE_STANDARD = gnu99;
				GCC_NO_COMMON_BLOCKS = YES;
				GCC_WARN_64_TO_32_BIT_CONVERSION = YES;
				GCC_WARN_ABOUT_RETURN_TYPE = YES_ERROR;
				GCC_WARN_UNDECLARED_SELECTOR = YES;
				GCC_WARN_UNINITIALIZED_AUTOS = YES_AGGRESSIVE;
				GCC_WARN_UNUSED_FUNCTION = YES;
				GCC_WARN_UNUSED_VARIABLE = YES;
				IPHONEOS_DEPLOYMENT_TARGET = 10.3;
				MTL_ENABLE_DEBUG_INFO = NO;
				SDKROOT = iphoneos;
				SWIFT_OPTIMIZATION_LEVEL = "-Owholemodule";
				TARGETED_DEVICE_FAMILY = "1,2";
				VALIDATE_PRODUCT = YES;
			};
			name = Release;
		};
		6A8A76B71FC14AFC00D580D7 /* Debug */ = {
			isa = XCBuildConfiguration;
			baseConfigurationReference = C6C0B9D9FCD9DF511383F102 /* Pods-Tourist.debug.xcconfig */;
			buildSettings = {
				ASSETCATALOG_COMPILER_APPICON_NAME = AppIcon;
				DEVELOPMENT_TEAM = 48HD6AZC2E;
				INFOPLIST_FILE = Tourist/Info.plist;
				LD_RUNPATH_SEARCH_PATHS = "$(inherited) @executable_path/Frameworks";
				PRODUCT_BUNDLE_IDENTIFIER = com.famdesign.Tourist;
				PRODUCT_NAME = "$(TARGET_NAME)";
				SWIFT_SWIFT3_OBJC_INFERENCE = Default;
				SWIFT_VERSION = 4.0;
			};
			name = Debug;
		};
		6A8A76B81FC14AFC00D580D7 /* Release */ = {
			isa = XCBuildConfiguration;
			baseConfigurationReference = E9815A4547B22B376AB9804C /* Pods-Tourist.release.xcconfig */;
			buildSettings = {
				ASSETCATALOG_COMPILER_APPICON_NAME = AppIcon;
				DEVELOPMENT_TEAM = 48HD6AZC2E;
				INFOPLIST_FILE = Tourist/Info.plist;
				LD_RUNPATH_SEARCH_PATHS = "$(inherited) @executable_path/Frameworks";
				PRODUCT_BUNDLE_IDENTIFIER = com.famdesign.Tourist;
				PRODUCT_NAME = "$(TARGET_NAME)";
				SWIFT_SWIFT3_OBJC_INFERENCE = Default;
				SWIFT_VERSION = 4.0;
			};
			name = Release;
		};
/* End XCBuildConfiguration section */

/* Begin XCConfigurationList section */
		6A8A769F1FC14AFB00D580D7 /* Build configuration list for PBXProject "Tourist" */ = {
			isa = XCConfigurationList;
			buildConfigurations = (
				6A8A76B41FC14AFC00D580D7 /* Debug */,
				6A8A76B51FC14AFC00D580D7 /* Release */,
			);
			defaultConfigurationIsVisible = 0;
			defaultConfigurationName = Release;
		};
		6A8A76B61FC14AFC00D580D7 /* Build configuration list for PBXNativeTarget "Tourist" */ = {
			isa = XCConfigurationList;
			buildConfigurations = (
				6A8A76B71FC14AFC00D580D7 /* Debug */,
				6A8A76B81FC14AFC00D580D7 /* Release */,
			);
			defaultConfigurationIsVisible = 0;
			defaultConfigurationName = Release;
		};
/* End XCConfigurationList section */
	};
	rootObject = 6A8A769C1FC14AFB00D580D7 /* Project object */;
}
